
Microsoft Visual Studio Solution File, Format Version 12.00
# Visual Studio Version 17
VisualStudioVersion = 17.0.32112.339
MinimumVisualStudioVersion = 10.0.40219.1
Project("{FAE04EC0-301F-11D3-BF4B-00C04F79EFBC}") = "OufInc", "OufInc\OufInc.csproj", "{39D4FC27-B162-4CC0-8369-CC34C38D7456}"
EndProject
Global
	GlobalSection(SolutionConfigurationPlatforms) = preSolution
		Debug|Any CPU = Debug|Any CPU
		Release|Any CPU = Release|Any CPU
	EndGlobalSection
	GlobalSection(ProjectConfigurationPlatforms) = postSolution
		{39D4FC27-B162-4CC0-8369-CC34C38D7456}.Debug|Any CPU.ActiveCfg = Debug|Any CPU
		{39D4FC27-B162-4CC0-8369-CC34C38D7456}.Debug|Any CPU.Build.0 = Debug|Any CPU
		{39D4FC27-B162-4CC0-8369-CC34C38D7456}.Release|Any CPU.ActiveCfg = Release|Any CPU
		{39D4FC27-B162-4CC0-8369-CC34C38D7456}.Release|Any CPU.Build.0 = Release|Any CPU
	EndGlobalSection
	GlobalSection(SolutionProperties) = preSolution
		HideSolutionNode = FALSE
	EndGlobalSection
	GlobalSection(ExtensibilityGlobals) = postSolution
		SolutionGuid = {E9CCCA64-FCF1-4D8F-A817-0DCE9BF2EFD4}
	EndGlobalSection
EndGlobal
